{
  "requires": true,
  "lockfileVersion": 1,
  "dependencies": {
    "card-validator": {
      "version": "4.1.1",
      "resolved": "https://registry.npmjs.org/card-validator/-/card-validator-4.1.1.tgz",
      "integrity": "sha1-8Gg+D129KcAs+xobZlzbpDBiL6o=",
      "requires": {
        "credit-card-type": "6.1.0"
      }
    },
    "credit-card-type": {
      "version": "6.1.0",
      "resolved": "https://registry.npmjs.org/credit-card-type/-/credit-card-type-6.1.0.tgz",
      "integrity": "sha1-8azT1Hz4ICpmtgqckMv5c41X70A="
    }
  }
}
